
Microsoft Visual Studio Solution File, Format Version 12.00
# Visual Studio Version 17
VisualStudioVersion = 17.2.32519.379
MinimumVisualStudioVersion = 10.0.40219.1
Project("{2150E333-8FDC-42A3-9474-1A3956D46DE8}") = "Client", "Client", "{D97C4A6F-7220-4ED6-9CBB-D3BF5E6CF22F}"
EndProject
Project("{2150E333-8FDC-42A3-9474-1A3956D46DE8}") = "Backend", "Backend", "{A62A54C6-069C-4DA8-BEEE-CB234366B76A}"
EndProject
Project("{2150E333-8FDC-42A3-9474-1A3956D46DE8}") = "Shared", "Shared", "{FFEBF7F9-78FF-41D1-9DF4-C8E1234BBB28}"
EndProject
Project("{9A19103F-16F7-4668-BE54-9A1E7A4F7556}") = "Tegu.Net.Backend.WebApi.Classic", "Backend\Tegu.Net.Backend.WebApi.Classic\Tegu.Net.Backend.WebApi.Classic.csproj", "{FF18C593-136B-4FED-9FEF-9912D9E39C90}"
EndProject
Project("{9A19103F-16F7-4668-BE54-9A1E7A4F7556}") = "Tegu.Net.Backend.WebApi.MediatR", "Backend\Tegu.Net.Backend.WebApi.MediatR\Tegu.Net.Backend.WebApi.MediatR.csproj", "{B3DDCC67-AA11-4782-9E64-ACF0DA5B95AF}"
EndProject
Project("{9A19103F-16F7-4668-BE54-9A1E7A4F7556}") = "Tegu.Net.Client.BlazorWasm", "Client\Tegu.Net.Client.BlazorWasm\Tegu.Net.Client.BlazorWasm.csproj", "{2E0EC5A3-B3ED-4C2B-ABC2-B56F0E1FC200}"
EndProject
Project("{9A19103F-16F7-4668-BE54-9A1E7A4F7556}") = "Tegu.Net.Shared", "Shared\Tegu.Net.Shared\Tegu.Net.Shared.csproj", "{9A036A0C-8BDC-4BB2-BEAA-4063AE335450}"
EndProject
Project("{9A19103F-16F7-4668-BE54-9A1E7A4F7556}") = "Tegu.Net.Client.Maui", "Client\Tegu.Net.Client.Maui\Tegu.Net.Client.Maui.csproj", "{4FB229AF-B510-400A-BD2E-E5B1332A0F4E}"
EndProject
Project("{2150E333-8FDC-42A3-9474-1A3956D46DE8}") = "Backend.Data", "Backend.Data", "{0F63E1D9-4A6D-43AE-BBC1-9472C56B73E5}"
EndProject
Project("{FAE04EC0-301F-11D3-BF4B-00C04F79EFBC}") = "Tegu.Net.Backend.Data.SQL", "Tegu.Net.Backend.Data.SQL\Tegu.Net.Backend.Data.SQL.csproj", "{D6B7E531-BDAC-46C7-B09E-7D9993E121EE}"
EndProject
Global
	GlobalSection(SolutionConfigurationPlatforms) = preSolution
		Debug|Any CPU = Debug|Any CPU
		Release|Any CPU = Release|Any CPU
	EndGlobalSection
	GlobalSection(ProjectConfigurationPlatforms) = postSolution
		{FF18C593-136B-4FED-9FEF-9912D9E39C90}.Debug|Any CPU.ActiveCfg = Debug|Any CPU
		{FF18C593-136B-4FED-9FEF-9912D9E39C90}.Debug|Any CPU.Build.0 = Debug|Any CPU
		{FF18C593-136B-4FED-9FEF-9912D9E39C90}.Release|Any CPU.ActiveCfg = Release|Any CPU
		{FF18C593-136B-4FED-9FEF-9912D9E39C90}.Release|Any CPU.Build.0 = Release|Any CPU
		{B3DDCC67-AA11-4782-9E64-ACF0DA5B95AF}.Debug|Any CPU.ActiveCfg = Debug|Any CPU
		{B3DDCC67-AA11-4782-9E64-ACF0DA5B95AF}.Debug|Any CPU.Build.0 = Debug|Any CPU
		{B3DDCC67-AA11-4782-9E64-ACF0DA5B95AF}.Release|Any CPU.ActiveCfg = Release|Any CPU
		{B3DDCC67-AA11-4782-9E64-ACF0DA5B95AF}.Release|Any CPU.Build.0 = Release|Any CPU
		{2E0EC5A3-B3ED-4C2B-ABC2-B56F0E1FC200}.Debug|Any CPU.ActiveCfg = Debug|Any CPU
		{2E0EC5A3-B3ED-4C2B-ABC2-B56F0E1FC200}.Debug|Any CPU.Build.0 = Debug|Any CPU
		{2E0EC5A3-B3ED-4C2B-ABC2-B56F0E1FC200}.Release|Any CPU.ActiveCfg = Release|Any CPU
		{2E0EC5A3-B3ED-4C2B-ABC2-B56F0E1FC200}.Release|Any CPU.Build.0 = Release|Any CPU
		{9A036A0C-8BDC-4BB2-BEAA-4063AE335450}.Debug|Any CPU.ActiveCfg = Debug|Any CPU
		{9A036A0C-8BDC-4BB2-BEAA-4063AE335450}.Debug|Any CPU.Build.0 = Debug|Any CPU
		{9A036A0C-8BDC-4BB2-BEAA-4063AE335450}.Release|Any CPU.ActiveCfg = Release|Any CPU
		{9A036A0C-8BDC-4BB2-BEAA-4063AE335450}.Release|Any CPU.Build.0 = Release|Any CPU
		{4FB229AF-B510-400A-BD2E-E5B1332A0F4E}.Debug|Any CPU.ActiveCfg = Debug|Any CPU
		{4FB229AF-B510-400A-BD2E-E5B1332A0F4E}.Debug|Any CPU.Build.0 = Debug|Any CPU
		{4FB229AF-B510-400A-BD2E-E5B1332A0F4E}.Debug|Any CPU.Deploy.0 = Debug|Any CPU
		{4FB229AF-B510-400A-BD2E-E5B1332A0F4E}.Release|Any CPU.ActiveCfg = Release|Any CPU
		{4FB229AF-B510-400A-BD2E-E5B1332A0F4E}.Release|Any CPU.Build.0 = Release|Any CPU
		{4FB229AF-B510-400A-BD2E-E5B1332A0F4E}.Release|Any CPU.Deploy.0 = Release|Any CPU
		{D6B7E531-BDAC-46C7-B09E-7D9993E121EE}.Debug|Any CPU.ActiveCfg = Debug|Any CPU
		{D6B7E531-BDAC-46C7-B09E-7D9993E121EE}.Debug|Any CPU.Build.0 = Debug|Any CPU
		{D6B7E531-BDAC-46C7-B09E-7D9993E121EE}.Release|Any CPU.ActiveCfg = Release|Any CPU
		{D6B7E531-BDAC-46C7-B09E-7D9993E121EE}.Release|Any CPU.Build.0 = Release|Any CPU
	EndGlobalSection
	GlobalSection(SolutionProperties) = preSolution
		HideSolutionNode = FALSE
	EndGlobalSection
	GlobalSection(NestedProjects) = preSolution
		{FF18C593-136B-4FED-9FEF-9912D9E39C90} = {A62A54C6-069C-4DA8-BEEE-CB234366B76A}
		{B3DDCC67-AA11-4782-9E64-ACF0DA5B95AF} = {A62A54C6-069C-4DA8-BEEE-CB234366B76A}
		{2E0EC5A3-B3ED-4C2B-ABC2-B56F0E1FC200} = {D97C4A6F-7220-4ED6-9CBB-D3BF5E6CF22F}
		{9A036A0C-8BDC-4BB2-BEAA-4063AE335450} = {FFEBF7F9-78FF-41D1-9DF4-C8E1234BBB28}
		{4FB229AF-B510-400A-BD2E-E5B1332A0F4E} = {D97C4A6F-7220-4ED6-9CBB-D3BF5E6CF22F}
		{D6B7E531-BDAC-46C7-B09E-7D9993E121EE} = {0F63E1D9-4A6D-43AE-BBC1-9472C56B73E5}
	EndGlobalSection
	GlobalSection(ExtensibilityGlobals) = postSolution
		SolutionGuid = {22F8C594-09DC-4931-A505-4C7796E79F36}
	EndGlobalSection
EndGlobal
